<?xml version="1.0" encoding="UTF-8" standalone="yes" ?>
<CodeBlocks_project_file>
	<FileVersion major="1" minor="6" />
	<Project>
		<Option title="CBISFMLEngine" />
		<Option pch_mode="2" />
		<Option default_target="test" />
		<Option compiler="mingw_gcc-73" />
		<Build>
			<Target title="Debug">
				<Option output="bin/Debug/CBISFMLEngine" prefix_auto="1" extension_auto="1" />
				<Option working_dir="" />
				<Option object_output="obj/Debug/" />
				<Option type="2" />
				<Option compiler="mingw_gcc-73" />
				<Option createDefFile="1" />
				<Compiler>
					<Add option="-Wall" />
					<Add option="-g" />
					<Add directory="include" />
				</Compiler>
				<Linker>
					<Add library="sfml-graphics-d" />
					<Add library="sfml-window-d" />
					<Add library="sfml-system-d" />
					<Add directory="$(#sfml)" />
				</Linker>
			</Target>
			<Target title="Release">
				<Option output="bin/Release/CBISFMLEngine" prefix_auto="1" extension_auto="1" />
				<Option working_dir="" />
				<Option object_output="obj/Release/" />
				<Option type="2" />
				<Option compiler="mingw_gcc-73" />
				<Option createDefFile="1" />
				<Compiler>
					<Add option="-O2" />
					<Add option="-Wall" />
					<Add directory="include" />
				</Compiler>
				<Linker>
					<Add library="sfml-graphics" />
					<Add library="sfml-window" />
					<Add library="sfml-system" />
				</Linker>
			</Target>
			<Target title="test">
				<Option output="bin/CBISFMLEngine" prefix_auto="1" extension_auto="1" />
				<Option object_output="objs/test" />
				<Option type="1" />
				<Option compiler="mingw_gcc-73" />
				<Option use_console_runner="0" />
				<Compiler>
					<Add option="-std=c17" />
					<Add option="-g" />
					<Add option="-DCBI_CHECKPOINTS=1" />
					<Add directory="include" />
				</Compiler>
				<Linker>
					<Add library="sfml-graphics-d" />
					<Add library="sfml-window-d" />
					<Add library="sfml-system-d" />
					<Add library="C:/Users/rnewman/Documents/CodeBlocks/CBIUtil/bin/Debug/libCBIUtil.a" />
					<LinkerExe value="CppCompiler" />
				</Linker>
			</Target>
		</Build>
		<VirtualTargets>
			<Add alias="all" targets="Debug;Release;test;" />
		</VirtualTargets>
		<Compiler>
			<Add option="-std=c++17" />
			<Add directory="include" />
			<Add directory="$(#sfml.include)" />
			<Add directory="../CBIUtil/include" />
		</Compiler>
		<Linker>
			<Add library="mingw32" />
			<Add library="user32" />
			<Add library="gdi32" />
			<Add library="winmm" />
			<Add library="dxguid" />
			<Add library="libstdc++fs.a" />
			<Add directory="$(#sfml.lib)" />
		</Linker>
		<Unit filename="cb.bmp" />
		<Unit filename="include/CompuBrite/SFML/Entity.h" />
		<Unit filename="include/CompuBrite/SFML/EventManager.h" />
		<Unit filename="include/CompuBrite/SFML/ResourceManager.h" />
		<Unit filename="src/CompuBrite/SFML/Entity.cpp" />
		<Unit filename="src/CompuBrite/SFML/EventManager.cpp" />
		<Unit filename="test.cpp">
			<Option target="test" />
		</Unit>
		<Extensions>
			<lib_finder disable_auto="1" />
		</Extensions>
	</Project>
</CodeBlocks_project_file>
